<Solution>
  <Folder Name="/build/">
    <File Path="build/buildproject.bat" />
    <File Path="build/DisplayApp.bat" />
    <File Path="build/docker-compose.yml" />
    <File Path="build/dockerfile" />
    <File Path="build/OpenBrowser.bat" />
    <File Path="build/remotebuild_std.ps1" />
  </Folder>
  <Folder Name="/Solution Items/">
    <File Path="dockerfile" />
  </Folder>
  <Project Path="StockTvBlazor.E2ETests/StockTvBlazor.E2ETests.csproj" />
  <Project Path="StockTvBlazor.Tests/StockTvBlazor.Tests.csproj" />
  <Project Path="StockTvBlazor/StockTvBlazor.csproj" />
</Solution>
