
Microsoft Visual Studio Solution File, Format Version 12.00
# Visual Studio Version 16
VisualStudioVersion = 16.0.29920.165
MinimumVisualStudioVersion = 10.0.40219.1
Project("{FAE04EC0-301F-11D3-BF4B-00C04F79EFBC}") = "StockTV", "StockTV\StockTV.csproj", "{85D90475-50A6-4930-B647-9FFAD59CE78A}"
EndProject
Project("{FAE04EC0-301F-11D3-BF4B-00C04F79EFBC}") = "NetMQ-UWP", "..\netmq-uwp\NetMQ-UWP\NetMQ-UWP.csproj", "{DF40CE2C-3112-43CB-B90E-08EC6E8614EB}"
EndProject
Project("{FAE04EC0-301F-11D3-BF4B-00C04F79EFBC}") = "AsyncIO", "..\netmq-uwp\AsyncIO\AsyncIO.csproj", "{3CBECAFA-6DF7-486A-ADC3-611EBAE80046}"
EndProject
Global
	GlobalSection(SolutionConfigurationPlatforms) = preSolution
		Debug|Any CPU = Debug|Any CPU
		Debug|ARM = Debug|ARM
		Debug|ARM64 = Debug|ARM64
		Debug|x64 = Debug|x64
		Debug|x86 = Debug|x86
		Release|Any CPU = Release|Any CPU
		Release|ARM = Release|ARM
		Release|ARM64 = Release|ARM64
		Release|x64 = Release|x64
		Release|x86 = Release|x86
	EndGlobalSection
	GlobalSection(ProjectConfigurationPlatforms) = postSolution
		{85D90475-50A6-4930-B647-9FFAD59CE78A}.Debug|Any CPU.ActiveCfg = Debug|x86
		{85D90475-50A6-4930-B647-9FFAD59CE78A}.Debug|ARM.ActiveCfg = Debug|ARM
		{85D90475-50A6-4930-B647-9FFAD59CE78A}.Debug|ARM.Build.0 = Debug|ARM
		{85D90475-50A6-4930-B647-9FFAD59CE78A}.Debug|ARM.Deploy.0 = Debug|ARM
		{85D90475-50A6-4930-B647-9FFAD59CE78A}.Debug|ARM64.ActiveCfg = Debug|ARM64
		{85D90475-50A6-4930-B647-9FFAD59CE78A}.Debug|ARM64.Build.0 = Debug|ARM64
		{85D90475-50A6-4930-B647-9FFAD59CE78A}.Debug|ARM64.Deploy.0 = Debug|ARM64
		{85D90475-50A6-4930-B647-9FFAD59CE78A}.Debug|x64.ActiveCfg = Debug|x64
		{85D90475-50A6-4930-B647-9FFAD59CE78A}.Debug|x64.Build.0 = Debug|x64
		{85D90475-50A6-4930-B647-9FFAD59CE78A}.Debug|x64.Deploy.0 = Debug|x64
		{85D90475-50A6-4930-B647-9FFAD59CE78A}.Debug|x86.ActiveCfg = Debug|x86
		{85D90475-50A6-4930-B647-9FFAD59CE78A}.Debug|x86.Build.0 = Debug|x86
		{85D90475-50A6-4930-B647-9FFAD59CE78A}.Debug|x86.Deploy.0 = Debug|x86
		{85D90475-50A6-4930-B647-9FFAD59CE78A}.Release|Any CPU.ActiveCfg = Release|x86
		{85D90475-50A6-4930-B647-9FFAD59CE78A}.Release|ARM.ActiveCfg = Release|ARM
		{85D90475-50A6-4930-B647-9FFAD59CE78A}.Release|ARM.Build.0 = Release|ARM
		{85D90475-50A6-4930-B647-9FFAD59CE78A}.Release|ARM.Deploy.0 = Release|ARM
		{85D90475-50A6-4930-B647-9FFAD59CE78A}.Release|ARM64.ActiveCfg = Release|ARM64
		{85D90475-50A6-4930-B647-9FFAD59CE78A}.Release|ARM64.Build.0 = Release|ARM64
		{85D90475-50A6-4930-B647-9FFAD59CE78A}.Release|ARM64.Deploy.0 = Release|ARM64
		{85D90475-50A6-4930-B647-9FFAD59CE78A}.Release|x64.ActiveCfg = Release|x64
		{85D90475-50A6-4930-B647-9FFAD59CE78A}.Release|x64.Build.0 = Release|x64
		{85D90475-50A6-4930-B647-9FFAD59CE78A}.Release|x64.Deploy.0 = Release|x64
		{85D90475-50A6-4930-B647-9FFAD59CE78A}.Release|x86.ActiveCfg = Release|x86
		{85D90475-50A6-4930-B647-9FFAD59CE78A}.Release|x86.Build.0 = Release|x86
		{85D90475-50A6-4930-B647-9FFAD59CE78A}.Release|x86.Deploy.0 = Release|x86
		{DF40CE2C-3112-43CB-B90E-08EC6E8614EB}.Debug|Any CPU.ActiveCfg = Debug|Any CPU
		{DF40CE2C-3112-43CB-B90E-08EC6E8614EB}.Debug|Any CPU.Build.0 = Debug|Any CPU
		{DF40CE2C-3112-43CB-B90E-08EC6E8614EB}.Debug|ARM.ActiveCfg = Debug|ARM
		{DF40CE2C-3112-43CB-B90E-08EC6E8614EB}.Debug|ARM.Build.0 = Debug|ARM
		{DF40CE2C-3112-43CB-B90E-08EC6E8614EB}.Debug|ARM64.ActiveCfg = Debug|Any CPU
		{DF40CE2C-3112-43CB-B90E-08EC6E8614EB}.Debug|ARM64.Build.0 = Debug|Any CPU
		{DF40CE2C-3112-43CB-B90E-08EC6E8614EB}.Debug|x64.ActiveCfg = Debug|x64
		{DF40CE2C-3112-43CB-B90E-08EC6E8614EB}.Debug|x64.Build.0 = Debug|x64
		{DF40CE2C-3112-43CB-B90E-08EC6E8614EB}.Debug|x86.ActiveCfg = Debug|x86
		{DF40CE2C-3112-43CB-B90E-08EC6E8614EB}.Debug|x86.Build.0 = Debug|x86
		{DF40CE2C-3112-43CB-B90E-08EC6E8614EB}.Release|Any CPU.ActiveCfg = Release|Any CPU
		{DF40CE2C-3112-43CB-B90E-08EC6E8614EB}.Release|Any CPU.Build.0 = Release|Any CPU
		{DF40CE2C-3112-43CB-B90E-08EC6E8614EB}.Release|ARM.ActiveCfg = Release|ARM
		{DF40CE2C-3112-43CB-B90E-08EC6E8614EB}.Release|ARM.Build.0 = Release|ARM
		{DF40CE2C-3112-43CB-B90E-08EC6E8614EB}.Release|ARM64.ActiveCfg = Release|Any CPU
		{DF40CE2C-3112-43CB-B90E-08EC6E8614EB}.Release|ARM64.Build.0 = Release|Any CPU
		{DF40CE2C-3112-43CB-B90E-08EC6E8614EB}.Release|x64.ActiveCfg = Release|x64
		{DF40CE2C-3112-43CB-B90E-08EC6E8614EB}.Release|x64.Build.0 = Release|x64
		{DF40CE2C-3112-43CB-B90E-08EC6E8614EB}.Release|x86.ActiveCfg = Release|x86
		{DF40CE2C-3112-43CB-B90E-08EC6E8614EB}.Release|x86.Build.0 = Release|x86
		{3CBECAFA-6DF7-486A-ADC3-611EBAE80046}.Debug|Any CPU.ActiveCfg = Debug|Any CPU
		{3CBECAFA-6DF7-486A-ADC3-611EBAE80046}.Debug|Any CPU.Build.0 = Debug|Any CPU
		{3CBECAFA-6DF7-486A-ADC3-611EBAE80046}.Debug|ARM.ActiveCfg = Debug|ARM
		{3CBECAFA-6DF7-486A-ADC3-611EBAE80046}.Debug|ARM.Build.0 = Debug|ARM
		{3CBECAFA-6DF7-486A-ADC3-611EBAE80046}.Debug|ARM64.ActiveCfg = Debug|Any CPU
		{3CBECAFA-6DF7-486A-ADC3-611EBAE80046}.Debug|ARM64.Build.0 = Debug|Any CPU
		{3CBECAFA-6DF7-486A-ADC3-611EBAE80046}.Debug|x64.ActiveCfg = Debug|x64
		{3CBECAFA-6DF7-486A-ADC3-611EBAE80046}.Debug|x64.Build.0 = Debug|x64
		{3CBECAFA-6DF7-486A-ADC3-611EBAE80046}.Debug|x86.ActiveCfg = Debug|x86
		{3CBECAFA-6DF7-486A-ADC3-611EBAE80046}.Debug|x86.Build.0 = Debug|x86
		{3CBECAFA-6DF7-486A-ADC3-611EBAE80046}.Release|Any CPU.ActiveCfg = Release|Any CPU
		{3CBECAFA-6DF7-486A-ADC3-611EBAE80046}.Release|Any CPU.Build.0 = Release|Any CPU
		{3CBECAFA-6DF7-486A-ADC3-611EBAE80046}.Release|ARM.ActiveCfg = Release|ARM
		{3CBECAFA-6DF7-486A-ADC3-611EBAE80046}.Release|ARM.Build.0 = Release|ARM
		{3CBECAFA-6DF7-486A-ADC3-611EBAE80046}.Release|ARM64.ActiveCfg = Release|Any CPU
		{3CBECAFA-6DF7-486A-ADC3-611EBAE80046}.Release|ARM64.Build.0 = Release|Any CPU
		{3CBECAFA-6DF7-486A-ADC3-611EBAE80046}.Release|x64.ActiveCfg = Release|x64
		{3CBECAFA-6DF7-486A-ADC3-611EBAE80046}.Release|x64.Build.0 = Release|x64
		{3CBECAFA-6DF7-486A-ADC3-611EBAE80046}.Release|x86.ActiveCfg = Release|x86
		{3CBECAFA-6DF7-486A-ADC3-611EBAE80046}.Release|x86.Build.0 = Release|x86
	EndGlobalSection
	GlobalSection(SolutionProperties) = preSolution
		HideSolutionNode = FALSE
	EndGlobalSection
	GlobalSection(ExtensibilityGlobals) = postSolution
		SolutionGuid = {D9177220-78CE-45A0-A650-68D2CF7E9C7F}
	EndGlobalSection
EndGlobal
